
Microsoft Visual Studio Solution File, Format Version 12.00
# Visual Studio 15
VisualStudioVersion = 15.0.28307.539
MinimumVisualStudioVersion = 10.0.40219.1
Project("{FAE04EC0-301F-11D3-BF4B-00C04F79EFBC}") = "UnoCoreApp.Android", "UnoCoreApp\UnoCoreApp.Android\UnoCoreApp.Android.csproj", "{09B75AC7-E9B4-4090-8C95-F0BB6706A8E2}"
EndProject
Project("{FAE04EC0-301F-11D3-BF4B-00C04F79EFBC}") = "UnoCoreApp.iOS", "UnoCoreApp\UnoCoreApp.iOS\UnoCoreApp.iOS.csproj", "{3741A7BC-2E96-419C-AFAC-47EE1560191E}"
EndProject
Project("{FAE04EC0-301F-11D3-BF4B-00C04F79EFBC}") = "UnoCoreApp", "UnoCoreApp\UnoCoreApp\UnoCoreApp.csproj", "{24504D44-AC7D-4B73-A071-97FA3C5294DD}"
EndProject
Global
	GlobalSection(SolutionConfigurationPlatforms) = preSolution
		Ad-Hoc|Any CPU = Ad-Hoc|Any CPU
		Ad-Hoc|iPhone = Ad-Hoc|iPhone
		Ad-Hoc|iPhoneSimulator = Ad-Hoc|iPhoneSimulator
		AppStore|Any CPU = AppStore|Any CPU
		AppStore|iPhone = AppStore|iPhone
		AppStore|iPhoneSimulator = AppStore|iPhoneSimulator
		Debug|Any CPU = Debug|Any CPU
		Debug|iPhone = Debug|iPhone
		Debug|iPhoneSimulator = Debug|iPhoneSimulator
		Release|Any CPU = Release|Any CPU
		Release|iPhone = Release|iPhone
		Release|iPhoneSimulator = Release|iPhoneSimulator
	EndGlobalSection
	GlobalSection(ProjectConfigurationPlatforms) = postSolution
		{09B75AC7-E9B4-4090-8C95-F0BB6706A8E2}.Ad-Hoc|Any CPU.ActiveCfg = Release|Any CPU
		{09B75AC7-E9B4-4090-8C95-F0BB6706A8E2}.Ad-Hoc|Any CPU.Build.0 = Release|Any CPU
		{09B75AC7-E9B4-4090-8C95-F0BB6706A8E2}.Ad-Hoc|Any CPU.Deploy.0 = Release|Any CPU
		{09B75AC7-E9B4-4090-8C95-F0BB6706A8E2}.Ad-Hoc|iPhone.ActiveCfg = Release|Any CPU
		{09B75AC7-E9B4-4090-8C95-F0BB6706A8E2}.Ad-Hoc|iPhone.Build.0 = Release|Any CPU
		{09B75AC7-E9B4-4090-8C95-F0BB6706A8E2}.Ad-Hoc|iPhone.Deploy.0 = Release|Any CPU
		{09B75AC7-E9B4-4090-8C95-F0BB6706A8E2}.Ad-Hoc|iPhoneSimulator.ActiveCfg = Release|Any CPU
		{09B75AC7-E9B4-4090-8C95-F0BB6706A8E2}.Ad-Hoc|iPhoneSimulator.Build.0 = Release|Any CPU
		{09B75AC7-E9B4-4090-8C95-F0BB6706A8E2}.Ad-Hoc|iPhoneSimulator.Deploy.0 = Release|Any CPU
		{09B75AC7-E9B4-4090-8C95-F0BB6706A8E2}.AppStore|Any CPU.ActiveCfg = Release|Any CPU
		{09B75AC7-E9B4-4090-8C95-F0BB6706A8E2}.AppStore|Any CPU.Build.0 = Release|Any CPU
		{09B75AC7-E9B4-4090-8C95-F0BB6706A8E2}.AppStore|Any CPU.Deploy.0 = Release|Any CPU
		{09B75AC7-E9B4-4090-8C95-F0BB6706A8E2}.AppStore|iPhone.ActiveCfg = Release|Any CPU
		{09B75AC7-E9B4-4090-8C95-F0BB6706A8E2}.AppStore|iPhone.Build.0 = Release|Any CPU
		{09B75AC7-E9B4-4090-8C95-F0BB6706A8E2}.AppStore|iPhone.Deploy.0 = Release|Any CPU
		{09B75AC7-E9B4-4090-8C95-F0BB6706A8E2}.AppStore|iPhoneSimulator.ActiveCfg = Release|Any CPU
		{09B75AC7-E9B4-4090-8C95-F0BB6706A8E2}.AppStore|iPhoneSimulator.Build.0 = Release|Any CPU
		{09B75AC7-E9B4-4090-8C95-F0BB6706A8E2}.AppStore|iPhoneSimulator.Deploy.0 = Release|Any CPU
		{09B75AC7-E9B4-4090-8C95-F0BB6706A8E2}.Debug|Any CPU.ActiveCfg = Debug|Any CPU
		{09B75AC7-E9B4-4090-8C95-F0BB6706A8E2}.Debug|Any CPU.Build.0 = Debug|Any CPU
		{09B75AC7-E9B4-4090-8C95-F0BB6706A8E2}.Debug|Any CPU.Deploy.0 = Debug|Any CPU
		{09B75AC7-E9B4-4090-8C95-F0BB6706A8E2}.Debug|iPhone.ActiveCfg = Debug|Any CPU
		{09B75AC7-E9B4-4090-8C95-F0BB6706A8E2}.Debug|iPhone.Build.0 = Debug|Any CPU
		{09B75AC7-E9B4-4090-8C95-F0BB6706A8E2}.Debug|iPhone.Deploy.0 = Debug|Any CPU
		{09B75AC7-E9B4-4090-8C95-F0BB6706A8E2}.Debug|iPhoneSimulator.ActiveCfg = Debug|Any CPU
		{09B75AC7-E9B4-4090-8C95-F0BB6706A8E2}.Debug|iPhoneSimulator.Build.0 = Debug|Any CPU
		{09B75AC7-E9B4-4090-8C95-F0BB6706A8E2}.Debug|iPhoneSimulator.Deploy.0 = Debug|Any CPU
		{09B75AC7-E9B4-4090-8C95-F0BB6706A8E2}.Release|Any CPU.ActiveCfg = Release|Any CPU
		{09B75AC7-E9B4-4090-8C95-F0BB6706A8E2}.Release|Any CPU.Build.0 = Release|Any CPU
		{09B75AC7-E9B4-4090-8C95-F0BB6706A8E2}.Release|Any CPU.Deploy.0 = Release|Any CPU
		{09B75AC7-E9B4-4090-8C95-F0BB6706A8E2}.Release|iPhone.ActiveCfg = Release|Any CPU
		{09B75AC7-E9B4-4090-8C95-F0BB6706A8E2}.Release|iPhone.Build.0 = Release|Any CPU
		{09B75AC7-E9B4-4090-8C95-F0BB6706A8E2}.Release|iPhone.Deploy.0 = Release|Any CPU
		{09B75AC7-E9B4-4090-8C95-F0BB6706A8E2}.Release|iPhoneSimulator.ActiveCfg = Release|Any CPU
		{09B75AC7-E9B4-4090-8C95-F0BB6706A8E2}.Release|iPhoneSimulator.Build.0 = Release|Any CPU
		{09B75AC7-E9B4-4090-8C95-F0BB6706A8E2}.Release|iPhoneSimulator.Deploy.0 = Release|Any CPU
		{3741A7BC-2E96-419C-AFAC-47EE1560191E}.Ad-Hoc|Any CPU.ActiveCfg = Ad-Hoc|iPhone
		{3741A7BC-2E96-419C-AFAC-47EE1560191E}.Ad-Hoc|Any CPU.Build.0 = Ad-Hoc|iPhone
		{3741A7BC-2E96-419C-AFAC-47EE1560191E}.Ad-Hoc|Any CPU.Deploy.0 = Ad-Hoc|iPhone
		{3741A7BC-2E96-419C-AFAC-47EE1560191E}.Ad-Hoc|iPhone.ActiveCfg = Ad-Hoc|iPhone
		{3741A7BC-2E96-419C-AFAC-47EE1560191E}.Ad-Hoc|iPhone.Build.0 = Ad-Hoc|iPhone
		{3741A7BC-2E96-419C-AFAC-47EE1560191E}.Ad-Hoc|iPhone.Deploy.0 = Ad-Hoc|iPhone
		{3741A7BC-2E96-419C-AFAC-47EE1560191E}.Ad-Hoc|iPhoneSimulator.ActiveCfg = Ad-Hoc|iPhoneSimulator
		{3741A7BC-2E96-419C-AFAC-47EE1560191E}.Ad-Hoc|iPhoneSimulator.Build.0 = Ad-Hoc|iPhoneSimulator
		{3741A7BC-2E96-419C-AFAC-47EE1560191E}.Ad-Hoc|iPhoneSimulator.Deploy.0 = Ad-Hoc|iPhoneSimulator
		{3741A7BC-2E96-419C-AFAC-47EE1560191E}.AppStore|Any CPU.ActiveCfg = AppStore|iPhone
		{3741A7BC-2E96-419C-AFAC-47EE1560191E}.AppStore|Any CPU.Build.0 = AppStore|iPhone
		{3741A7BC-2E96-419C-AFAC-47EE1560191E}.AppStore|Any CPU.Deploy.0 = AppStore|iPhone
		{3741A7BC-2E96-419C-AFAC-47EE1560191E}.AppStore|iPhone.ActiveCfg = AppStore|iPhone
		{3741A7BC-2E96-419C-AFAC-47EE1560191E}.AppStore|iPhone.Build.0 = AppStore|iPhone
		{3741A7BC-2E96-419C-AFAC-47EE1560191E}.AppStore|iPhone.Deploy.0 = AppStore|iPhone
		{3741A7BC-2E96-419C-AFAC-47EE1560191E}.AppStore|iPhoneSimulator.ActiveCfg = AppStore|iPhoneSimulator
		{3741A7BC-2E96-419C-AFAC-47EE1560191E}.AppStore|iPhoneSimulator.Build.0 = AppStore|iPhoneSimulator
		{3741A7BC-2E96-419C-AFAC-47EE1560191E}.AppStore|iPhoneSimulator.Deploy.0 = AppStore|iPhoneSimulator
		{3741A7BC-2E96-419C-AFAC-47EE1560191E}.Debug|Any CPU.ActiveCfg = Debug|iPhoneSimulator
		{3741A7BC-2E96-419C-AFAC-47EE1560191E}.Debug|Any CPU.Build.0 = Debug|iPhoneSimulator
		{3741A7BC-2E96-419C-AFAC-47EE1560191E}.Debug|Any CPU.Deploy.0 = Debug|iPhoneSimulator
		{3741A7BC-2E96-419C-AFAC-47EE1560191E}.Debug|iPhone.ActiveCfg = Debug|iPhone
		{3741A7BC-2E96-419C-AFAC-47EE1560191E}.Debug|iPhone.Build.0 = Debug|iPhone
		{3741A7BC-2E96-419C-AFAC-47EE1560191E}.Debug|iPhone.Deploy.0 = Debug|iPhone
		{3741A7BC-2E96-419C-AFAC-47EE1560191E}.Debug|iPhoneSimulator.ActiveCfg = Debug|iPhoneSimulator
		{3741A7BC-2E96-419C-AFAC-47EE1560191E}.Debug|iPhoneSimulator.Build.0 = Debug|iPhoneSimulator
		{3741A7BC-2E96-419C-AFAC-47EE1560191E}.Debug|iPhoneSimulator.Deploy.0 = Debug|iPhoneSimulator
		{3741A7BC-2E96-419C-AFAC-47EE1560191E}.Release|Any CPU.ActiveCfg = Release|iPhone
		{3741A7BC-2E96-419C-AFAC-47EE1560191E}.Release|Any CPU.Build.0 = Release|iPhone
		{3741A7BC-2E96-419C-AFAC-47EE1560191E}.Release|Any CPU.Deploy.0 = Release|iPhone
		{3741A7BC-2E96-419C-AFAC-47EE1560191E}.Release|iPhone.ActiveCfg = Release|iPhone
		{3741A7BC-2E96-419C-AFAC-47EE1560191E}.Release|iPhone.Build.0 = Release|iPhone
		{3741A7BC-2E96-419C-AFAC-47EE1560191E}.Release|iPhone.Deploy.0 = Release|iPhone
		{3741A7BC-2E96-419C-AFAC-47EE1560191E}.Release|iPhoneSimulator.ActiveCfg = Release|iPhoneSimulator
		{3741A7BC-2E96-419C-AFAC-47EE1560191E}.Release|iPhoneSimulator.Build.0 = Release|iPhoneSimulator
		{3741A7BC-2E96-419C-AFAC-47EE1560191E}.Release|iPhoneSimulator.Deploy.0 = Release|iPhoneSimulator
		{24504D44-AC7D-4B73-A071-97FA3C5294DD}.Ad-Hoc|Any CPU.ActiveCfg = Debug|Any CPU
		{24504D44-AC7D-4B73-A071-97FA3C5294DD}.Ad-Hoc|Any CPU.Build.0 = Debug|Any CPU
		{24504D44-AC7D-4B73-A071-97FA3C5294DD}.Ad-Hoc|Any CPU.Deploy.0 = Debug|Any CPU
		{24504D44-AC7D-4B73-A071-97FA3C5294DD}.Ad-Hoc|iPhone.ActiveCfg = Debug|Any CPU
		{24504D44-AC7D-4B73-A071-97FA3C5294DD}.Ad-Hoc|iPhone.Build.0 = Debug|Any CPU
		{24504D44-AC7D-4B73-A071-97FA3C5294DD}.Ad-Hoc|iPhone.Deploy.0 = Debug|Any CPU
		{24504D44-AC7D-4B73-A071-97FA3C5294DD}.Ad-Hoc|iPhoneSimulator.ActiveCfg = Debug|Any CPU
		{24504D44-AC7D-4B73-A071-97FA3C5294DD}.Ad-Hoc|iPhoneSimulator.Build.0 = Debug|Any CPU
		{24504D44-AC7D-4B73-A071-97FA3C5294DD}.Ad-Hoc|iPhoneSimulator.Deploy.0 = Debug|Any CPU
		{24504D44-AC7D-4B73-A071-97FA3C5294DD}.AppStore|Any CPU.ActiveCfg = Debug|Any CPU
		{24504D44-AC7D-4B73-A071-97FA3C5294DD}.AppStore|Any CPU.Build.0 = Debug|Any CPU
		{24504D44-AC7D-4B73-A071-97FA3C5294DD}.AppStore|Any CPU.Deploy.0 = Debug|Any CPU
		{24504D44-AC7D-4B73-A071-97FA3C5294DD}.AppStore|iPhone.ActiveCfg = Debug|Any CPU
		{24504D44-AC7D-4B73-A071-97FA3C5294DD}.AppStore|iPhone.Build.0 = Debug|Any CPU
		{24504D44-AC7D-4B73-A071-97FA3C5294DD}.AppStore|iPhone.Deploy.0 = Debug|Any CPU
		{24504D44-AC7D-4B73-A071-97FA3C5294DD}.AppStore|iPhoneSimulator.ActiveCfg = Debug|Any CPU
		{24504D44-AC7D-4B73-A071-97FA3C5294DD}.AppStore|iPhoneSimulator.Build.0 = Debug|Any CPU
		{24504D44-AC7D-4B73-A071-97FA3C5294DD}.AppStore|iPhoneSimulator.Deploy.0 = Debug|Any CPU
		{24504D44-AC7D-4B73-A071-97FA3C5294DD}.Debug|Any CPU.ActiveCfg = Debug|Any CPU
		{24504D44-AC7D-4B73-A071-97FA3C5294DD}.Debug|Any CPU.Build.0 = Debug|Any CPU
		{24504D44-AC7D-4B73-A071-97FA3C5294DD}.Debug|Any CPU.Deploy.0 = Debug|Any CPU
		{24504D44-AC7D-4B73-A071-97FA3C5294DD}.Debug|iPhone.ActiveCfg = Debug|Any CPU
		{24504D44-AC7D-4B73-A071-97FA3C5294DD}.Debug|iPhone.Build.0 = Debug|Any CPU
		{24504D44-AC7D-4B73-A071-97FA3C5294DD}.Debug|iPhone.Deploy.0 = Debug|Any CPU
		{24504D44-AC7D-4B73-A071-97FA3C5294DD}.Debug|iPhoneSimulator.ActiveCfg = Debug|Any CPU
		{24504D44-AC7D-4B73-A071-97FA3C5294DD}.Debug|iPhoneSimulator.Build.0 = Debug|Any CPU
		{24504D44-AC7D-4B73-A071-97FA3C5294DD}.Debug|iPhoneSimulator.Deploy.0 = Debug|Any CPU
		{24504D44-AC7D-4B73-A071-97FA3C5294DD}.Release|Any CPU.ActiveCfg = Release|Any CPU
		{24504D44-AC7D-4B73-A071-97FA3C5294DD}.Release|Any CPU.Build.0 = Release|Any CPU
		{24504D44-AC7D-4B73-A071-97FA3C5294DD}.Release|Any CPU.Deploy.0 = Release|Any CPU
		{24504D44-AC7D-4B73-A071-97FA3C5294DD}.Release|iPhone.ActiveCfg = Release|Any CPU
		{24504D44-AC7D-4B73-A071-97FA3C5294DD}.Release|iPhone.Build.0 = Release|Any CPU
		{24504D44-AC7D-4B73-A071-97FA3C5294DD}.Release|iPhone.Deploy.0 = Release|Any CPU
		{24504D44-AC7D-4B73-A071-97FA3C5294DD}.Release|iPhoneSimulator.ActiveCfg = Release|Any CPU
		{24504D44-AC7D-4B73-A071-97FA3C5294DD}.Release|iPhoneSimulator.Build.0 = Release|Any CPU
		{24504D44-AC7D-4B73-A071-97FA3C5294DD}.Release|iPhoneSimulator.Deploy.0 = Release|Any CPU
	EndGlobalSection
	GlobalSection(SolutionProperties) = preSolution
		HideSolutionNode = FALSE
	EndGlobalSection
	GlobalSection(ExtensibilityGlobals) = postSolution
		SolutionGuid = {2ED03859-C411-4A58-9227-F1E0DEB25730}
	EndGlobalSection
EndGlobal
